// !$*UTF8*$!
{
	archiveVersion = 1;
	classes = {
	};
	objectVersion = 45;
	objects = {

/* Begin PBXBuildFile section */
		1D3623260D0F684500981E51 /* JinxAppDelegate.m in Sources */ = {isa = PBXBuildFile; fileRef = 1D3623250D0F684500981E51 /* JinxAppDelegate.m */; };
		1D60589B0D05DD56006BFB54 /* main.m in Sources */ = {isa = PBXBuildFile; fileRef = 29B97316FDCFA39411CA2CEA /* main.m */; };
		1D60589F0D05DD5A006BFB54 /* Foundation.framework in Frameworks */ = {isa = PBXBuildFile; fileRef = 1D30AB110D05D00D00671497 /* Foundation.framework */; };
		1DF5F4E00D08C38300B7A737 /* UIKit.framework in Frameworks */ = {isa = PBXBuildFile; fileRef = 1DF5F4DF0D08C38300B7A737 /* UIKit.framework */; };
		2892E4100DC94CBA00A64D0F /* CoreGraphics.framework in Frameworks */ = {isa = PBXBuildFile; fileRef = 2892E40F0DC94CBA00A64D0F /* CoreGraphics.framework */; };
		28AD73600D9D9599002E5188 /* MainWindow.xib in Resources */ = {isa = PBXBuildFile; fileRef = 28AD735F0D9D9599002E5188 /* MainWindow.xib */; };
		28C286E10D94DF7D0034E888 /* RootViewController.m in Sources */ = {isa = PBXBuildFile; fileRef = 28C286E00D94DF7D0034E888 /* RootViewController.m */; };
		28F335F11007B36200424DE2 /* RootViewController.xib in Resources */ = {isa = PBXBuildFile; fileRef = 28F335F01007B36200424DE2 /* RootViewController.xib */; };
		AF5DBCD812BD219A0038295F /* SharedFunctions.h in Headers */ = {isa = PBXBuildFile; fileRef = AF5DBCD612BD219A0038295F /* SharedFunctions.h */; };
		AF5DBCD912BD219A0038295F /* SharedFunctions.m in Sources */ = {isa = PBXBuildFile; fileRef = AF5DBCD712BD219A0038295F /* SharedFunctions.m */; };
		AF5DBCF012BD22250038295F /* CCCAudioFileReader.h in Headers */ = {isa = PBXBuildFile; fileRef = AF5DBCE412BD22250038295F /* CCCAudioFileReader.h */; };
		AF5DBCF112BD22250038295F /* CCCAudioFileReader.m in Sources */ = {isa = PBXBuildFile; fileRef = AF5DBCE512BD22250038295F /* CCCAudioFileReader.m */; };
		AF5DBCF212BD22250038295F /* CCCAudioPlayer.h in Headers */ = {isa = PBXBuildFile; fileRef = AF5DBCE612BD22250038295F /* CCCAudioPlayer.h */; };
		AF5DBCF312BD22250038295F /* CCCAudioPlayer.m in Sources */ = {isa = PBXBuildFile; fileRef = AF5DBCE712BD22250038295F /* CCCAudioPlayer.m */; };
		AF5DBCF412BD22250038295F /* CCCAudioSource.h in Headers */ = {isa = PBXBuildFile; fileRef = AF5DBCE812BD22250038295F /* CCCAudioSource.h */; };
		AF5DBCF512BD22250038295F /* CCCAudioSupport.h in Headers */ = {isa = PBXBuildFile; fileRef = AF5DBCE912BD22250038295F /* CCCAudioSupport.h */; };
		AF5DBCF612BD22250038295F /* CCCAudioSupport.m in Sources */ = {isa = PBXBuildFile; fileRef = AF5DBCEA12BD22250038295F /* CCCAudioSupport.m */; };
		AF5DBCF912BD22250038295F /* JinxApplicationGlobal.h in Headers */ = {isa = PBXBuildFile; fileRef = AF5DBCEE12BD22250038295F /* JinxApplicationGlobal.h */; };
		AF5DBCFA12BD22250038295F /* JinxNotifications.h in Headers */ = {isa = PBXBuildFile; fileRef = AF5DBCEF12BD22250038295F /* JinxNotifications.h */; };
		AF5DBCFE12BD227B0038295F /* CCCCallScreen.m in Sources */ = {isa = PBXBuildFile; fileRef = AF5DBCEC12BD22250038295F /* CCCCallScreen.m */; };
		AF5DBD1012BD22C00038295F /* AudioToolbox.framework in Frameworks */ = {isa = PBXBuildFile; fileRef = AF5DBD0F12BD22C00038295F /* AudioToolbox.framework */; };
		AF5DBD1212BD22C00038295F /* AVFoundation.framework in Frameworks */ = {isa = PBXBuildFile; fileRef = AF5DBD1112BD22C00038295F /* AVFoundation.framework */; };
		AF5DBD2012BD25920038295F /* CallScreen1.png in Resources */ = {isa = PBXBuildFile; fileRef = AF5DBD1912BD25920038295F /* CallScreen1.png */; };
		AF5DBD2212BD25920038295F /* Jinx-backdrop-landscape.png in Resources */ = {isa = PBXBuildFile; fileRef = AF5DBD1B12BD25920038295F /* Jinx-backdrop-landscape.png */; };
		AF5DBD2312BD25920038295F /* JinxBubble.png in Resources */ = {isa = PBXBuildFile; fileRef = AF5DBD1C12BD25920038295F /* JinxBubble.png */; };
		AF5DBD2612BD25920038295F /* telephone.png in Resources */ = {isa = PBXBuildFile; fileRef = AF5DBD1F12BD25920038295F /* telephone.png */; };
		AF5DBD3012BD25BC0038295F /* ringout.wav in Resources */ = {isa = PBXBuildFile; fileRef = AF5DBD2C12BD25BC0038295F /* ringout.wav */; };
		AF5DBD4E12BD2BE80038295F /* CCCCallScreen.xib in Resources */ = {isa = PBXBuildFile; fileRef = AF5DBCED12BD22250038295F /* CCCCallScreen.xib */; };
		AF8B614C12B469B400E0C7E4 /* libJinx-Core.a in Frameworks */ = {isa = PBXBuildFile; fileRef = AF8B614512B4697C00E0C7E4 /* libJinx-Core.a */; };
		AF8B618F12B46C1900E0C7E4 /* libJinx-Core.a in Frameworks */ = {isa = PBXBuildFile; fileRef = AF8B614512B4697C00E0C7E4 /* libJinx-Core.a */; };
		AF8B619612B46D3400E0C7E4 /* CCCJinxAppLoadLogicTest.m in Sources */ = {isa = PBXBuildFile; fileRef = AF8B619512B46D3400E0C7E4 /* CCCJinxAppLoadLogicTest.m */; };
		AF8B61A412B46DAF00E0C7E4 /* CCCJinxAppLoadLogic.h in Headers */ = {isa = PBXBuildFile; fileRef = AF8B61A212B46DAF00E0C7E4 /* CCCJinxAppLoadLogic.h */; };
		AF8B61A512B46DAF00E0C7E4 /* CCCJinxAppLoadLogic.m in Sources */ = {isa = PBXBuildFile; fileRef = AF8B61A312B46DAF00E0C7E4 /* CCCJinxAppLoadLogic.m */; };
		AF8B629512B557A300E0C7E4 /* CCCChatViewController.m in Sources */ = {isa = PBXBuildFile; fileRef = AF8B629312B557A300E0C7E4 /* CCCChatViewController.m */; };
		AF8B629612B557A300E0C7E4 /* CCCChatViewController.xib in Resources */ = {isa = PBXBuildFile; fileRef = AF8B629412B557A300E0C7E4 /* CCCChatViewController.xib */; };
		AF8B62C812B55D8100E0C7E4 /* green.png in Resources */ = {isa = PBXBuildFile; fileRef = AF8B62C612B55D8100E0C7E4 /* green.png */; };
		AF8B62C912B55D8100E0C7E4 /* grey.png in Resources */ = {isa = PBXBuildFile; fileRef = AF8B62C712B55D8100E0C7E4 /* grey.png */; };
		AF8B62EC12B5859500E0C7E4 /* CCCChatBuddyTest.m in Sources */ = {isa = PBXBuildFile; fileRef = AF8B62EB12B5859500E0C7E4 /* CCCChatBuddyTest.m */; };
		AF8B638912B5A4FF00E0C7E4 /* Default.png in Resources */ = {isa = PBXBuildFile; fileRef = AF8B638812B5A4FF00E0C7E4 /* Default.png */; };
		AF8B638D12B5A66500E0C7E4 /* Jinx-backdrop.png in Resources */ = {isa = PBXBuildFile; fileRef = AF8B638C12B5A66500E0C7E4 /* Jinx-backdrop.png */; };
		AF8B651C12B71E4300E0C7E4 /* CCCBasicChatRepositoryTest.m in Sources */ = {isa = PBXBuildFile; fileRef = AF8B651B12B71E4300E0C7E4 /* CCCBasicChatRepositoryTest.m */; };
		AF8B653912B71F1400E0C7E4 /* CCCBasicChatRepository.h in Headers */ = {isa = PBXBuildFile; fileRef = AF8B653712B71F1400E0C7E4 /* CCCBasicChatRepository.h */; };
		AF8B653A12B71F1400E0C7E4 /* CCCBasicChatRepository.m in Sources */ = {isa = PBXBuildFile; fileRef = AF8B653812B71F1400E0C7E4 /* CCCBasicChatRepository.m */; };
		AF8B653E12B71F4A00E0C7E4 /* CCCBuddyRepository.h in Headers */ = {isa = PBXBuildFile; fileRef = AF8B653D12B71F4A00E0C7E4 /* CCCBuddyRepository.h */; };
		AF8B654A12B7226000E0C7E4 /* CCCChatBuddy.m in Sources */ = {isa = PBXBuildFile; fileRef = AF8B62F612B5860200E0C7E4 /* CCCChatBuddy.m */; };
		AF8B654B12B7226200E0C7E4 /* CCCChatBuddy.h in Headers */ = {isa = PBXBuildFile; fileRef = AF8B62F512B5860200E0C7E4 /* CCCChatBuddy.h */; };
		AFD3BF9A12BD7EB2009752CA /* CCCBuddySelectorCell.m in Sources */ = {isa = PBXBuildFile; fileRef = AFD3BF9912BD7EB2009752CA /* CCCBuddySelectorCell.m */; };
		AFD3BFA512BD7FED009752CA /* Clint.png in Resources */ = {isa = PBXBuildFile; fileRef = AFD3BFA212BD7FED009752CA /* Clint.png */; };
		AFD3BFA612BD7FED009752CA /* Leeza.png in Resources */ = {isa = PBXBuildFile; fileRef = AFD3BFA312BD7FED009752CA /* Leeza.png */; };
		AFD3BFA712BD7FED009752CA /* Stuart.png in Resources */ = {isa = PBXBuildFile; fileRef = AFD3BFA412BD7FED009752CA /* Stuart.png */; };
		AFD3C08612BD9AC2009752CA /* StuartLabel.png in Resources */ = {isa = PBXBuildFile; fileRef = AFD3C08512BD9AC2009752CA /* StuartLabel.png */; };
		AFD3C08E12BD9D53009752CA /* ClintLabel.png in Resources */ = {isa = PBXBuildFile; fileRef = AFD3C08C12BD9D53009752CA /* ClintLabel.png */; };
		AFD3C08F12BD9D53009752CA /* LeezaLabel.png in Resources */ = {isa = PBXBuildFile; fileRef = AFD3C08D12BD9D53009752CA /* LeezaLabel.png */; };
		AFD3C14F12BDB595009752CA /* CallScreen2.png in Resources */ = {isa = PBXBuildFile; fileRef = AFD3C14E12BDB595009752CA /* CallScreen2.png */; };
		AFD3C15212BDB71B009752CA /* BackgroundRotation.h in Headers */ = {isa = PBXBuildFile; fileRef = AFD3C15012BDB71B009752CA /* BackgroundRotation.h */; };
		AFD3C15312BDB71B009752CA /* BackgroundRotation.m in Sources */ = {isa = PBXBuildFile; fileRef = AFD3C15112BDB71B009752CA /* BackgroundRotation.m */; };
		AFD3C16A12BDBC86009752CA /* ClintAvatar.png in Resources */ = {isa = PBXBuildFile; fileRef = AFD3C16712BDBC86009752CA /* ClintAvatar.png */; };
		AFD3C16B12BDBC86009752CA /* LeezaAvatar.png in Resources */ = {isa = PBXBuildFile; fileRef = AFD3C16812BDBC86009752CA /* LeezaAvatar.png */; };
		AFD3C16C12BDBC86009752CA /* StuartAvatar.png in Resources */ = {isa = PBXBuildFile; fileRef = AFD3C16912BDBC86009752CA /* StuartAvatar.png */; };
		AFD3C16E12BDBE21009752CA /* YouAvatar.png in Resources */ = {isa = PBXBuildFile; fileRef = AFD3C16D12BDBE21009752CA /* YouAvatar.png */; };
		AFD3C32E12BE8F98009752CA /* ClintCall1.aiff in Resources */ = {isa = PBXBuildFile; fileRef = AFD3C32212BE8F98009752CA /* ClintCall1.aiff */; };
		AFD3C32F12BE8F98009752CA /* ClintCall2.aiff in Resources */ = {isa = PBXBuildFile; fileRef = AFD3C32312BE8F98009752CA /* ClintCall2.aiff */; };
		AFD3C33012BE8F98009752CA /* ClintCall3.aiff in Resources */ = {isa = PBXBuildFile; fileRef = AFD3C32412BE8F98009752CA /* ClintCall3.aiff */; };
		AFD3C33112BE8F98009752CA /* ClintCall4.aiff in Resources */ = {isa = PBXBuildFile; fileRef = AFD3C32512BE8F98009752CA /* ClintCall4.aiff */; };
		AFD3C33212BE8F98009752CA /* LeezaCall1.aiff in Resources */ = {isa = PBXBuildFile; fileRef = AFD3C32612BE8F98009752CA /* LeezaCall1.aiff */; };
		AFD3C33312BE8F98009752CA /* LeezaCall2.aiff in Resources */ = {isa = PBXBuildFile; fileRef = AFD3C32712BE8F98009752CA /* LeezaCall2.aiff */; };
		AFD3C33412BE8F98009752CA /* LeezaCall3.aiff in Resources */ = {isa = PBXBuildFile; fileRef = AFD3C32812BE8F98009752CA /* LeezaCall3.aiff */; };
		AFD3C33512BE8F98009752CA /* LeezaCall4.aiff in Resources */ = {isa = PBXBuildFile; fileRef = AFD3C32912BE8F98009752CA /* LeezaCall4.aiff */; };
		AFD3C33612BE8F98009752CA /* StuartCall1.aiff in Resources */ = {isa = PBXBuildFile; fileRef = AFD3C32A12BE8F98009752CA /* StuartCall1.aiff */; };
		AFD3C33712BE8F98009752CA /* StuartCall2.aiff in Resources */ = {isa = PBXBuildFile; fileRef = AFD3C32B12BE8F98009752CA /* StuartCall2.aiff */; };
		AFD3C33812BE8F98009752CA /* StuartCall3.aiff in Resources */ = {isa = PBXBuildFile; fileRef = AFD3C32C12BE8F98009752CA /* StuartCall3.aiff */; };
		AFD3C33912BE8F98009752CA /* StuartCall4.aiff in Resources */ = {isa = PBXBuildFile; fileRef = AFD3C32D12BE8F98009752CA /* StuartCall4.aiff */; };
		AFD3C35C12BE9CEF009752CA /* CCCSoundServices.h in Headers */ = {isa = PBXBuildFile; fileRef = AFD3C35A12BE9CEF009752CA /* CCCSoundServices.h */; };
		AFD3C35D12BE9CEF009752CA /* CCCSoundServices.m in Sources */ = {isa = PBXBuildFile; fileRef = AFD3C35B12BE9CEF009752CA /* CCCSoundServices.m */; };
		AFD3C40812BED6BD009752CA /* JinxIcon.png in Resources */ = {isa = PBXBuildFile; fileRef = AFD3C40712BED6BD009752CA /* JinxIcon.png */; };
		AFD3C6F412BFC57C009752CA /* ClintCall0.aiff in Resources */ = {isa = PBXBuildFile; fileRef = AFD3C6E912BFC57C009752CA /* ClintCall0.aiff */; };
		AFD3C6F512BFC57C009752CA /* ClintCall5.aiff in Resources */ = {isa = PBXBuildFile; fileRef = AFD3C6EA12BFC57C009752CA /* ClintCall5.aiff */; };
		AFD3C6F612BFC57C009752CA /* ClintCall6.aiff in Resources */ = {isa = PBXBuildFile; fileRef = AFD3C6EB12BFC57C009752CA /* ClintCall6.aiff */; };
		AFD3C6F712BFC57C009752CA /* ClintCall7.aiff in Resources */ = {isa = PBXBuildFile; fileRef = AFD3C6EC12BFC57C009752CA /* ClintCall7.aiff */; };
		AFD3C6F812BFC57C009752CA /* LeezaCall0.aiff in Resources */ = {isa = PBXBuildFile; fileRef = AFD3C6ED12BFC57C009752CA /* LeezaCall0.aiff */; };
		AFD3C6F912BFC57C009752CA /* LeezaCall5.aiff in Resources */ = {isa = PBXBuildFile; fileRef = AFD3C6EE12BFC57C009752CA /* LeezaCall5.aiff */; };
		AFD3C6FA12BFC57C009752CA /* LeezaCall6.aiff in Resources */ = {isa = PBXBuildFile; fileRef = AFD3C6EF12BFC57C009752CA /* LeezaCall6.aiff */; };
		AFD3C6FB12BFC57C009752CA /* StuartCall0.aiff in Resources */ = {isa = PBXBuildFile; fileRef = AFD3C6F012BFC57C009752CA /* StuartCall0.aiff */; };
		AFD3C6FC12BFC57C009752CA /* StuartCall5.aiff in Resources */ = {isa = PBXBuildFile; fileRef = AFD3C6F112BFC57C009752CA /* StuartCall5.aiff */; };
		AFD3C6FD12BFC57C009752CA /* StuartCall6.aiff in Resources */ = {isa = PBXBuildFile; fileRef = AFD3C6F212BFC57C009752CA /* StuartCall6.aiff */; };
		AFD3C6FE12BFC57C009752CA /* StuartCall7.aiff in Resources */ = {isa = PBXBuildFile; fileRef = AFD3C6F312BFC57C009752CA /* StuartCall7.aiff */; };
		AFD3C70712BFC637009752CA /* LeezaCall7.aiff in Resources */ = {isa = PBXBuildFile; fileRef = AFD3C70612BFC637009752CA /* LeezaCall7.aiff */; };
		AFD3C78812C18955009752CA /* JinxMath.h in Headers */ = {isa = PBXBuildFile; fileRef = AFD3C78712C18955009752CA /* JinxMath.h */; };
		AFD3C7B912C19B99009752CA /* incoming-blip.aiff in Resources */ = {isa = PBXBuildFile; fileRef = AFD3C7B712C19B99009752CA /* incoming-blip.aiff */; };
		AFD3C7BA12C19B99009752CA /* outgoing-blip.aiff in Resources */ = {isa = PBXBuildFile; fileRef = AFD3C7B812C19B99009752CA /* outgoing-blip.aiff */; };
		AFD3C7BE12C19D96009752CA /* clear-screen.aiff in Resources */ = {isa = PBXBuildFile; fileRef = AFD3C7BD12C19D96009752CA /* clear-screen.aiff */; };
/* End PBXBuildFile section */

/* Begin PBXContainerItemProxy section */
		AF8B614A12B469AE00E0C7E4 /* PBXContainerItemProxy */ = {
			isa = PBXContainerItemProxy;
			containerPortal = 29B97313FDCFA39411CA2CEA /* Project object */;
			proxyType = 1;
			remoteGlobalIDString = AF8B614412B4697C00E0C7E4;
			remoteInfo = "Jinx-Core";
		};
		AF8B618D12B46C1500E0C7E4 /* PBXContainerItemProxy */ = {
			isa = PBXContainerItemProxy;
			containerPortal = 29B97313FDCFA39411CA2CEA /* Project object */;
			proxyType = 1;
			remoteGlobalIDString = AF8B614412B4697C00E0C7E4;
			remoteInfo = "Jinx-Core";
		};
		AFD3C2C512BE85A6009752CA /* PBXContainerItemProxy */ = {
			isa = PBXContainerItemProxy;
			containerPortal = 29B97313FDCFA39411CA2CEA /* Project object */;
			proxyType = 1;
			remoteGlobalIDString = AF8B615112B469CA00E0C7E4;
			remoteInfo = UnitTests;
		};
/* End PBXContainerItemProxy section */

/* Begin PBXFileReference section */
		1D30AB110D05D00D00671497 /* Foundation.framework */ = {isa = PBXFileReference; lastKnownFileType = wrapper.framework; name = Foundation.framework; path = System/Library/Frameworks/Foundation.framework; sourceTree = SDKROOT; };
		1D3623240D0F684500981E51 /* JinxAppDelegate.h */ = {isa = PBXFileReference; fileEncoding = 4; lastKnownFileType = sourcecode.c.h; path = JinxAppDelegate.h; sourceTree = "<group>"; };
		1D3623250D0F684500981E51 /* JinxAppDelegate.m */ = {isa = PBXFileReference; fileEncoding = 4; lastKnownFileType = sourcecode.c.objc; path = JinxAppDelegate.m; sourceTree = "<group>"; };
		1D6058910D05DD3D006BFB54 /* Jinx.app */ = {isa = PBXFileReference; explicitFileType = wrapper.application; includeInIndex = 0; path = Jinx.app; sourceTree = BUILT_PRODUCTS_DIR; };
		1DF5F4DF0D08C38300B7A737 /* UIKit.framework */ = {isa = PBXFileReference; lastKnownFileType = wrapper.framework; name = UIKit.framework; path = System/Library/Frameworks/UIKit.framework; sourceTree = SDKROOT; };
		2892E40F0DC94CBA00A64D0F /* CoreGraphics.framework */ = {isa = PBXFileReference; lastKnownFileType = wrapper.framework; name = CoreGraphics.framework; path = System/Library/Frameworks/CoreGraphics.framework; sourceTree = SDKROOT; };
		28A0AAE50D9B0CCF005BE974 /* Jinx_Prefix.pch */ = {isa = PBXFileReference; fileEncoding = 4; lastKnownFileType = sourcecode.c.h; path = Jinx_Prefix.pch; sourceTree = "<group>"; };
		28AD735F0D9D9599002E5188 /* MainWindow.xib */ = {isa = PBXFileReference; lastKnownFileType = file.xib; path = MainWindow.xib; sourceTree = "<group>"; };
		28C286DF0D94DF7D0034E888 /* RootViewController.h */ = {isa = PBXFileReference; fileEncoding = 4; lastKnownFileType = sourcecode.c.h; path = RootViewController.h; sourceTree = "<group>"; };
		28C286E00D94DF7D0034E888 /* RootViewController.m */ = {isa = PBXFileReference; fileEncoding = 4; lastKnownFileType = sourcecode.c.objc; path = RootViewController.m; sourceTree = "<group>"; };
		28F335F01007B36200424DE2 /* RootViewController.xib */ = {isa = PBXFileReference; lastKnownFileType = file.xib; path = RootViewController.xib; sourceTree = "<group>"; };
		29B97316FDCFA39411CA2CEA /* main.m */ = {isa = PBXFileReference; fileEncoding = 4; lastKnownFileType = sourcecode.c.objc; path = main.m; sourceTree = "<group>"; };
		8D1107310486CEB800E47090 /* Jinx-Info.plist */ = {isa = PBXFileReference; fileEncoding = 4; lastKnownFileType = text.plist.xml; path = "Jinx-Info.plist"; plistStructureDefinitionIdentifier = "com.apple.xcode.plist.structure-definition.iphone.info-plist"; sourceTree = "<group>"; };
		AF5DBCD612BD219A0038295F /* SharedFunctions.h */ = {isa = PBXFileReference; fileEncoding = 4; lastKnownFileType = sourcecode.c.h; path = SharedFunctions.h; sourceTree = "<group>"; };
		AF5DBCD712BD219A0038295F /* SharedFunctions.m */ = {isa = PBXFileReference; fileEncoding = 4; lastKnownFileType = sourcecode.c.objc; path = SharedFunctions.m; sourceTree = "<group>"; };
		AF5DBCE412BD22250038295F /* CCCAudioFileReader.h */ = {isa = PBXFileReference; fileEncoding = 4; lastKnownFileType = sourcecode.c.h; path = CCCAudioFileReader.h; sourceTree = "<group>"; };
		AF5DBCE512BD22250038295F /* CCCAudioFileReader.m */ = {isa = PBXFileReference; fileEncoding = 4; lastKnownFileType = sourcecode.c.objc; path = CCCAudioFileReader.m; sourceTree = "<group>"; };
		AF5DBCE612BD22250038295F /* CCCAudioPlayer.h */ = {isa = PBXFileReference; fileEncoding = 4; lastKnownFileType = sourcecode.c.h; path = CCCAudioPlayer.h; sourceTree = "<group>"; };
		AF5DBCE712BD22250038295F /* CCCAudioPlayer.m */ = {isa = PBXFileReference; fileEncoding = 4; lastKnownFileType = sourcecode.c.objc; path = CCCAudioPlayer.m; sourceTree = "<group>"; };
		AF5DBCE812BD22250038295F /* CCCAudioSource.h */ = {isa = PBXFileReference; fileEncoding = 4; lastKnownFileType = sourcecode.c.h; path = CCCAudioSource.h; sourceTree = "<group>"; };
		AF5DBCE912BD22250038295F /* CCCAudioSupport.h */ = {isa = PBXFileReference; fileEncoding = 4; lastKnownFileType = sourcecode.c.h; path = CCCAudioSupport.h; sourceTree = "<group>"; };
		AF5DBCEA12BD22250038295F /* CCCAudioSupport.m */ = {isa = PBXFileReference; fileEncoding = 4; lastKnownFileType = sourcecode.c.objc; path = CCCAudioSupport.m; sourceTree = "<group>"; };
		AF5DBCEB12BD22250038295F /* CCCCallScreen.h */ = {isa = PBXFileReference; fileEncoding = 4; lastKnownFileType = sourcecode.c.h; path = CCCCallScreen.h; sourceTree = "<group>"; };
		AF5DBCEC12BD22250038295F /* CCCCallScreen.m */ = {isa = PBXFileReference; fileEncoding = 4; lastKnownFileType = sourcecode.c.objc; path = CCCCallScreen.m; sourceTree = "<group>"; };
		AF5DBCED12BD22250038295F /* CCCCallScreen.xib */ = {isa = PBXFileReference; lastKnownFileType = file.xib; name = CCCCallScreen.xib; path = ../Classes/CCCCallScreen.xib; sourceTree = "<group>"; };
		AF5DBCEE12BD22250038295F /* JinxApplicationGlobal.h */ = {isa = PBXFileReference; fileEncoding = 4; lastKnownFileType = sourcecode.c.h; path = JinxApplicationGlobal.h; sourceTree = "<group>"; };
		AF5DBCEF12BD22250038295F /* JinxNotifications.h */ = {isa = PBXFileReference; fileEncoding = 4; lastKnownFileType = sourcecode.c.h; path = JinxNotifications.h; sourceTree = "<group>"; };
		AF5DBD0F12BD22C00038295F /* AudioToolbox.framework */ = {isa = PBXFileReference; lastKnownFileType = wrapper.framework; name = AudioToolbox.framework; path = System/Library/Frameworks/AudioToolbox.framework; sourceTree = SDKROOT; };
		AF5DBD1112BD22C00038295F /* AVFoundation.framework */ = {isa = PBXFileReference; lastKnownFileType = wrapper.framework; name = AVFoundation.framework; path = System/Library/Frameworks/AVFoundation.framework; sourceTree = SDKROOT; };
		AF5DBD1912BD25920038295F /* CallScreen1.png */ = {isa = PBXFileReference; lastKnownFileType = image.png; path = CallScreen1.png; sourceTree = "<group>"; };
		AF5DBD1B12BD25920038295F /* Jinx-backdrop-landscape.png */ = {isa = PBXFileReference; lastKnownFileType = image.png; path = "Jinx-backdrop-landscape.png"; sourceTree = "<group>"; };
		AF5DBD1C12BD25920038295F /* JinxBubble.png */ = {isa = PBXFileReference; lastKnownFileType = image.png; path = JinxBubble.png; sourceTree = "<group>"; };
		AF5DBD1F12BD25920038295F /* telephone.png */ = {isa = PBXFileReference; lastKnownFileType = image.png; path = telephone.png; sourceTree = "<group>"; };
		AF5DBD2C12BD25BC0038295F /* ringout.wav */ = {isa = PBXFileReference; lastKnownFileType = audio.wav; path = ringout.wav; sourceTree = "<group>"; };
		AF8B614512B4697C00E0C7E4 /* libJinx-Core.a */ = {isa = PBXFileReference; explicitFileType = archive.ar; includeInIndex = 0; path = "libJinx-Core.a"; sourceTree = BUILT_PRODUCTS_DIR; };
		AF8B615212B469CA00E0C7E4 /* UnitTests.octest */ = {isa = PBXFileReference; explicitFileType = wrapper.cfbundle; includeInIndex = 0; path = UnitTests.octest; sourceTree = BUILT_PRODUCTS_DIR; };
		AF8B615312B469CA00E0C7E4 /* UnitTests-Info.plist */ = {isa = PBXFileReference; lastKnownFileType = text.plist.xml; path = "UnitTests-Info.plist"; sourceTree = "<group>"; };
		AF8B619512B46D3400E0C7E4 /* CCCJinxAppLoadLogicTest.m */ = {isa = PBXFileReference; fileEncoding = 4; lastKnownFileType = sourcecode.c.objc; path = CCCJinxAppLoadLogicTest.m; sourceTree = "<group>"; };
		AF8B61A212B46DAF00E0C7E4 /* CCCJinxAppLoadLogic.h */ = {isa = PBXFileReference; fileEncoding = 4; lastKnownFileType = sourcecode.c.h; path = CCCJinxAppLoadLogic.h; sourceTree = "<group>"; };
		AF8B61A312B46DAF00E0C7E4 /* CCCJinxAppLoadLogic.m */ = {isa = PBXFileReference; fileEncoding = 4; lastKnownFileType = sourcecode.c.objc; path = CCCJinxAppLoadLogic.m; sourceTree = "<group>"; };
		AF8B629212B557A300E0C7E4 /* CCCChatViewController.h */ = {isa = PBXFileReference; fileEncoding = 4; lastKnownFileType = sourcecode.c.h; path = CCCChatViewController.h; sourceTree = "<group>"; };
		AF8B629312B557A300E0C7E4 /* CCCChatViewController.m */ = {isa = PBXFileReference; fileEncoding = 4; lastKnownFileType = sourcecode.c.objc; path = CCCChatViewController.m; sourceTree = "<group>"; };
		AF8B629412B557A300E0C7E4 /* CCCChatViewController.xib */ = {isa = PBXFileReference; lastKnownFileType = file.xib; name = CCCChatViewController.xib; path = ../Classes/CCCChatViewController.xib; sourceTree = "<group>"; };
		AF8B62C612B55D8100E0C7E4 /* green.png */ = {isa = PBXFileReference; lastKnownFileType = image.png; path = green.png; sourceTree = "<group>"; };
		AF8B62C712B55D8100E0C7E4 /* grey.png */ = {isa = PBXFileReference; lastKnownFileType = image.png; path = grey.png; sourceTree = "<group>"; };
		AF8B62EB12B5859500E0C7E4 /* CCCChatBuddyTest.m */ = {isa = PBXFileReference; fileEncoding = 4; lastKnownFileType = sourcecode.c.objc; path = CCCChatBuddyTest.m; sourceTree = "<group>"; };
		AF8B62F512B5860200E0C7E4 /* CCCChatBuddy.h */ = {isa = PBXFileReference; fileEncoding = 4; lastKnownFileType = sourcecode.c.h; path = CCCChatBuddy.h; sourceTree = "<group>"; };
		AF8B62F612B5860200E0C7E4 /* CCCChatBuddy.m */ = {isa = PBXFileReference; fileEncoding = 4; lastKnownFileType = sourcecode.c.objc; path = CCCChatBuddy.m; sourceTree = "<group>"; };
		AF8B638812B5A4FF00E0C7E4 /* Default.png */ = {isa = PBXFileReference; lastKnownFileType = image.png; path = Default.png; sourceTree = "<group>"; };
		AF8B638C12B5A66500E0C7E4 /* Jinx-backdrop.png */ = {isa = PBXFileReference; lastKnownFileType = image.png; path = "Jinx-backdrop.png"; sourceTree = "<group>"; };
		AF8B651B12B71E4300E0C7E4 /* CCCBasicChatRepositoryTest.m */ = {isa = PBXFileReference; fileEncoding = 4; lastKnownFileType = sourcecode.c.objc; path = CCCBasicChatRepositoryTest.m; sourceTree = "<group>"; };
		AF8B653712B71F1400E0C7E4 /* CCCBasicChatRepository.h */ = {isa = PBXFileReference; fileEncoding = 4; lastKnownFileType = sourcecode.c.h; path = CCCBasicChatRepository.h; sourceTree = "<group>"; };
		AF8B653812B71F1400E0C7E4 /* CCCBasicChatRepository.m */ = {isa = PBXFileReference; fileEncoding = 4; lastKnownFileType = sourcecode.c.objc; path = CCCBasicChatRepository.m; sourceTree = "<group>"; };
		AF8B653D12B71F4A00E0C7E4 /* CCCBuddyRepository.h */ = {isa = PBXFileReference; fileEncoding = 4; lastKnownFileType = sourcecode.c.h; path = CCCBuddyRepository.h; sourceTree = "<group>"; };
		AFD3BF9812BD7EB2009752CA /* CCCBuddySelectorCell.h */ = {isa = PBXFileReference; fileEncoding = 4; lastKnownFileType = sourcecode.c.h; path = CCCBuddySelectorCell.h; sourceTree = "<group>"; };
		AFD3BF9912BD7EB2009752CA /* CCCBuddySelectorCell.m */ = {isa = PBXFileReference; fileEncoding = 4; lastKnownFileType = sourcecode.c.objc; path = CCCBuddySelectorCell.m; sourceTree = "<group>"; };
		AFD3BFA212BD7FED009752CA /* Clint.png */ = {isa = PBXFileReference; lastKnownFileType = image.png; path = Clint.png; sourceTree = "<group>"; };
		AFD3BFA312BD7FED009752CA /* Leeza.png */ = {isa = PBXFileReference; lastKnownFileType = image.png; path = Leeza.png; sourceTree = "<group>"; };
		AFD3BFA412BD7FED009752CA /* Stuart.png */ = {isa = PBXFileReference; lastKnownFileType = image.png; path = Stuart.png; sourceTree = "<group>"; };
		AFD3C08512BD9AC2009752CA /* StuartLabel.png */ = {isa = PBXFileReference; lastKnownFileType = image.png; path = StuartLabel.png; sourceTree = "<group>"; };
		AFD3C08C12BD9D53009752CA /* ClintLabel.png */ = {isa = PBXFileReference; lastKnownFileType = image.png; path = ClintLabel.png; sourceTree = "<group>"; };
		AFD3C08D12BD9D53009752CA /* LeezaLabel.png */ = {isa = PBXFileReference; lastKnownFileType = image.png; path = LeezaLabel.png; sourceTree = "<group>"; };
		AFD3C14E12BDB595009752CA /* CallScreen2.png */ = {isa = PBXFileReference; lastKnownFileType = image.png; path = CallScreen2.png; sourceTree = "<group>"; };
		AFD3C15012BDB71B009752CA /* BackgroundRotation.h */ = {isa = PBXFileReference; fileEncoding = 4; lastKnownFileType = sourcecode.c.h; path = BackgroundRotation.h; sourceTree = "<group>"; };
		AFD3C15112BDB71B009752CA /* BackgroundRotation.m */ = {isa = PBXFileReference; fileEncoding = 4; lastKnownFileType = sourcecode.c.objc; path = BackgroundRotation.m; sourceTree = "<group>"; };
		AFD3C16712BDBC86009752CA /* ClintAvatar.png */ = {isa = PBXFileReference; lastKnownFileType = image.png; path = ClintAvatar.png; sourceTree = "<group>"; };
		AFD3C16812BDBC86009752CA /* LeezaAvatar.png */ = {isa = PBXFileReference; lastKnownFileType = image.png; path = LeezaAvatar.png; sourceTree = "<group>"; };
		AFD3C16912BDBC86009752CA /* StuartAvatar.png */ = {isa = PBXFileReference; lastKnownFileType = image.png; path = StuartAvatar.png; sourceTree = "<group>"; };
		AFD3C16D12BDBE21009752CA /* YouAvatar.png */ = {isa = PBXFileReference; lastKnownFileType = image.png; path = YouAvatar.png; sourceTree = "<group>"; };
		AFD3C32212BE8F98009752CA /* ClintCall1.aiff */ = {isa = PBXFileReference; lastKnownFileType = audio.aiff; path = ClintCall1.aiff; sourceTree = "<group>"; };
		AFD3C32312BE8F98009752CA /* ClintCall2.aiff */ = {isa = PBXFileReference; lastKnownFileType = audio.aiff; path = ClintCall2.aiff; sourceTree = "<group>"; };
		AFD3C32412BE8F98009752CA /* ClintCall3.aiff */ = {isa = PBXFileReference; lastKnownFileType = audio.aiff; path = ClintCall3.aiff; sourceTree = "<group>"; };
		AFD3C32512BE8F98009752CA /* ClintCall4.aiff */ = {isa = PBXFileReference; lastKnownFileType = audio.aiff; path = ClintCall4.aiff; sourceTree = "<group>"; };
		AFD3C32612BE8F98009752CA /* LeezaCall1.aiff */ = {isa = PBXFileReference; lastKnownFileType = audio.aiff; path = LeezaCall1.aiff; sourceTree = "<group>"; };
		AFD3C32712BE8F98009752CA /* LeezaCall2.aiff */ = {isa = PBXFileReference; lastKnownFileType = audio.aiff; path = LeezaCall2.aiff; sourceTree = "<group>"; };
		AFD3C32812BE8F98009752CA /* LeezaCall3.aiff */ = {isa = PBXFileReference; lastKnownFileType = audio.aiff; path = LeezaCall3.aiff; sourceTree = "<group>"; };
		AFD3C32912BE8F98009752CA /* LeezaCall4.aiff */ = {isa = PBXFileReference; lastKnownFileType = audio.aiff; path = LeezaCall4.aiff; sourceTree = "<group>"; };
		AFD3C32A12BE8F98009752CA /* StuartCall1.aiff */ = {isa = PBXFileReference; lastKnownFileType = audio.aiff; path = StuartCall1.aiff; sourceTree = "<group>"; };
		AFD3C32B12BE8F98009752CA /* StuartCall2.aiff */ = {isa = PBXFileReference; lastKnownFileType = audio.aiff; path = StuartCall2.aiff; sourceTree = "<group>"; };
		AFD3C32C12BE8F98009752CA /* StuartCall3.aiff */ = {isa = PBXFileReference; lastKnownFileType = audio.aiff; path = StuartCall3.aiff; sourceTree = "<group>"; };
		AFD3C32D12BE8F98009752CA /* StuartCall4.aiff */ = {isa = PBXFileReference; lastKnownFileType = audio.aiff; path = StuartCall4.aiff; sourceTree = "<group>"; };
		AFD3C35A12BE9CEF009752CA /* CCCSoundServices.h */ = {isa = PBXFileReference; fileEncoding = 4; lastKnownFileType = sourcecode.c.h; path = CCCSoundServices.h; sourceTree = "<group>"; };
		AFD3C35B12BE9CEF009752CA /* CCCSoundServices.m */ = {isa = PBXFileReference; fileEncoding = 4; lastKnownFileType = sourcecode.c.objc; path = CCCSoundServices.m; sourceTree = "<group>"; };
		AFD3C40712BED6BD009752CA /* JinxIcon.png */ = {isa = PBXFileReference; lastKnownFileType = image.png; path = JinxIcon.png; sourceTree = "<group>"; };
		AFD3C6E912BFC57C009752CA /* ClintCall0.aiff */ = {isa = PBXFileReference; lastKnownFileType = audio.aiff; path = ClintCall0.aiff; sourceTree = "<group>"; };
		AFD3C6EA12BFC57C009752CA /* ClintCall5.aiff */ = {isa = PBXFileReference; lastKnownFileType = audio.aiff; path = ClintCall5.aiff; sourceTree = "<group>"; };
		AFD3C6EB12BFC57C009752CA /* ClintCall6.aiff */ = {isa = PBXFileReference; lastKnownFileType = audio.aiff; path = ClintCall6.aiff; sourceTree = "<group>"; };
		AFD3C6EC12BFC57C009752CA /* ClintCall7.aiff */ = {isa = PBXFileReference; lastKnownFileType = audio.aiff; path = ClintCall7.aiff; sourceTree = "<group>"; };
		AFD3C6ED12BFC57C009752CA /* LeezaCall0.aiff */ = {isa = PBXFileReference; lastKnownFileType = audio.aiff; path = LeezaCall0.aiff; sourceTree = "<group>"; };
		AFD3C6EE12BFC57C009752CA /* LeezaCall5.aiff */ = {isa = PBXFileReference; lastKnownFileType = audio.aiff; path = LeezaCall5.aiff; sourceTree = "<group>"; };
		AFD3C6EF12BFC57C009752CA /* LeezaCall6.aiff */ = {isa = PBXFileReference; lastKnownFileType = audio.aiff; path = LeezaCall6.aiff; sourceTree = "<group>"; };
		AFD3C6F012BFC57C009752CA /* StuartCall0.aiff */ = {isa = PBXFileReference; lastKnownFileType = audio.aiff; path = StuartCall0.aiff; sourceTree = "<group>"; };
		AFD3C6F112BFC57C009752CA /* StuartCall5.aiff */ = {isa = PBXFileReference; lastKnownFileType = audio.aiff; path = StuartCall5.aiff; sourceTree = "<group>"; };
		AFD3C6F212BFC57C009752CA /* StuartCall6.aiff */ = {isa = PBXFileReference; lastKnownFileType = audio.aiff; path = StuartCall6.aiff; sourceTree = "<group>"; };
		AFD3C6F312BFC57C009752CA /* StuartCall7.aiff */ = {isa = PBXFileReference; lastKnownFileType = audio.aiff; path = StuartCall7.aiff; sourceTree = "<group>"; };
		AFD3C70612BFC637009752CA /* LeezaCall7.aiff */ = {isa = PBXFileReference; lastKnownFileType = audio.aiff; path = LeezaCall7.aiff; sourceTree = "<group>"; };
		AFD3C78712C18955009752CA /* JinxMath.h */ = {isa = PBXFileReference; fileEncoding = 4; lastKnownFileType = sourcecode.c.h; path = JinxMath.h; sourceTree = "<group>"; };
		AFD3C7B712C19B99009752CA /* incoming-blip.aiff */ = {isa = PBXFileReference; lastKnownFileType = audio.aiff; path = "incoming-blip.aiff"; sourceTree = "<group>"; };
		AFD3C7B812C19B99009752CA /* outgoing-blip.aiff */ = {isa = PBXFileReference; lastKnownFileType = audio.aiff; path = "outgoing-blip.aiff"; sourceTree = "<group>"; };
		AFD3C7BD12C19D96009752CA /* clear-screen.aiff */ = {isa = PBXFileReference; lastKnownFileType = audio.aiff; path = "clear-screen.aiff"; sourceTree = "<group>"; };
/* End PBXFileReference section */

/* Begin PBXFrameworksBuildPhase section */
		1D60588F0D05DD3D006BFB54 /* Frameworks */ = {
			isa = PBXFrameworksBuildPhase;
			buildActionMask = 2147483647;
			files = (
				1D60589F0D05DD5A006BFB54 /* Foundation.framework in Frameworks */,
				1DF5F4E00D08C38300B7A737 /* UIKit.framework in Frameworks */,
				2892E4100DC94CBA00A64D0F /* CoreGraphics.framework in Frameworks */,
				AF8B614C12B469B400E0C7E4 /* libJinx-Core.a in Frameworks */,
				AF5DBD1012BD22C00038295F /* AudioToolbox.framework in Frameworks */,
				AF5DBD1212BD22C00038295F /* AVFoundation.framework in Frameworks */,
			);
			runOnlyForDeploymentPostprocessing = 0;
		};
		AF8B614312B4697C00E0C7E4 /* Frameworks */ = {
			isa = PBXFrameworksBuildPhase;
			buildActionMask = 2147483647;
			files = (
			);
			runOnlyForDeploymentPostprocessing = 0;
		};
		AF8B614F12B469CA00E0C7E4 /* Frameworks */ = {
			isa = PBXFrameworksBuildPhase;
			buildActionMask = 2147483647;
			files = (
				AF8B618F12B46C1900E0C7E4 /* libJinx-Core.a in Frameworks */,
			);
			runOnlyForDeploymentPostprocessing = 0;
		};
/* End PBXFrameworksBuildPhase section */

/* Begin PBXGroup section */
		080E96DDFE201D6D7F000001 /* Classes */ = {
			isa = PBXGroup;
			children = (
				AFD3BF9612BD7E69009752CA /* UI */,
				AF5DBCFB12BD22310038295F /* Audio */,
				AF9819C412D2AEB90030BC99 /* Video */,
				AF5DBCE312BD22010038295F /* Headers */,
				AF8B653C12B71F2E00E0C7E4 /* Protocols */,
				AF8B61A112B46DA300E0C7E4 /* Logic */,
				28C286DF0D94DF7D0034E888 /* RootViewController.h */,
				28C286E00D94DF7D0034E888 /* RootViewController.m */,
				1D3623240D0F684500981E51 /* JinxAppDelegate.h */,
				1D3623250D0F684500981E51 /* JinxAppDelegate.m */,
				AF8B629212B557A300E0C7E4 /* CCCChatViewController.h */,
				AF8B629312B557A300E0C7E4 /* CCCChatViewController.m */,
				AF5DBCEB12BD22250038295F /* CCCCallScreen.h */,
				AF5DBCEC12BD22250038295F /* CCCCallScreen.m */,
			);
			name = Classes;
			path = source/Classes;
			sourceTree = "<group>";
		};
		19C28FACFE9D520D11CA2CBB /* Products */ = {
			isa = PBXGroup;
			children = (
				1D6058910D05DD3D006BFB54 /* Jinx.app */,
				AF8B614512B4697C00E0C7E4 /* libJinx-Core.a */,
				AF8B615212B469CA00E0C7E4 /* UnitTests.octest */,
			);
			name = Products;
			sourceTree = "<group>";
		};
		29B97314FDCFA39411CA2CEA /* CustomTemplate */ = {
			isa = PBXGroup;
			children = (
				AF8B615E12B46A2500E0C7E4 /* UnitTests */,
				080E96DDFE201D6D7F000001 /* Classes */,
				29B97315FDCFA39411CA2CEA /* Other */,
				29B97317FDCFA39411CA2CEA /* Resources */,
				29B97323FDCFA39411CA2CEA /* Frameworks */,
				19C28FACFE9D520D11CA2CBB /* Products */,
			);
			name = CustomTemplate;
			sourceTree = "<group>";
		};
		29B97315FDCFA39411CA2CEA /* Other */ = {
			isa = PBXGroup;
			children = (
				AF5DBCD612BD219A0038295F /* SharedFunctions.h */,
				AF5DBCD712BD219A0038295F /* SharedFunctions.m */,
				28A0AAE50D9B0CCF005BE974 /* Jinx_Prefix.pch */,
				29B97316FDCFA39411CA2CEA /* main.m */,
			);
			name = Other;
			path = source/Other;
			sourceTree = "<group>";
		};
		29B97317FDCFA39411CA2CEA /* Resources */ = {
			isa = PBXGroup;
			children = (
				AFD3C7BD12C19D96009752CA /* clear-screen.aiff */,
				AFD3C7B712C19B99009752CA /* incoming-blip.aiff */,
				AFD3C7B812C19B99009752CA /* outgoing-blip.aiff */,
				AFD3C70612BFC637009752CA /* LeezaCall7.aiff */,
				AFD3C6E912BFC57C009752CA /* ClintCall0.aiff */,
				AFD3C32212BE8F98009752CA /* ClintCall1.aiff */,
				AFD3C32312BE8F98009752CA /* ClintCall2.aiff */,
				AFD3C32412BE8F98009752CA /* ClintCall3.aiff */,
				AFD3C32512BE8F98009752CA /* ClintCall4.aiff */,
				AFD3C6EA12BFC57C009752CA /* ClintCall5.aiff */,
				AFD3C6EB12BFC57C009752CA /* ClintCall6.aiff */,
				AFD3C6EC12BFC57C009752CA /* ClintCall7.aiff */,
				AFD3C6ED12BFC57C009752CA /* LeezaCall0.aiff */,
				AFD3C32612BE8F98009752CA /* LeezaCall1.aiff */,
				AFD3C32712BE8F98009752CA /* LeezaCall2.aiff */,
				AFD3C32812BE8F98009752CA /* LeezaCall3.aiff */,
				AFD3C32912BE8F98009752CA /* LeezaCall4.aiff */,
				AFD3C6EE12BFC57C009752CA /* LeezaCall5.aiff */,
				AFD3C6EF12BFC57C009752CA /* LeezaCall6.aiff */,
				AFD3C6F012BFC57C009752CA /* StuartCall0.aiff */,
				AFD3C32A12BE8F98009752CA /* StuartCall1.aiff */,
				AFD3C32B12BE8F98009752CA /* StuartCall2.aiff */,
				AFD3C32C12BE8F98009752CA /* StuartCall3.aiff */,
				AFD3C32D12BE8F98009752CA /* StuartCall4.aiff */,
				AFD3C6F112BFC57C009752CA /* StuartCall5.aiff */,
				AFD3C6F212BFC57C009752CA /* StuartCall6.aiff */,
				AFD3C6F312BFC57C009752CA /* StuartCall7.aiff */,
				AF5DBD2C12BD25BC0038295F /* ringout.wav */,
				AF8B62C512B55D6900E0C7E4 /* images */,
				AF8B615312B469CA00E0C7E4 /* UnitTests-Info.plist */,
				AF5DBCED12BD22250038295F /* CCCCallScreen.xib */,
				AF8B629412B557A300E0C7E4 /* CCCChatViewController.xib */,
				28F335F01007B36200424DE2 /* RootViewController.xib */,
				28AD735F0D9D9599002E5188 /* MainWindow.xib */,
				8D1107310486CEB800E47090 /* Jinx-Info.plist */,
			);
			name = Resources;
			path = source/Resources;
			sourceTree = "<group>";
		};
		29B97323FDCFA39411CA2CEA /* Frameworks */ = {
			isa = PBXGroup;
			children = (
				AF5DBD0F12BD22C00038295F /* AudioToolbox.framework */,
				AF5DBD1112BD22C00038295F /* AVFoundation.framework */,
				1DF5F4DF0D08C38300B7A737 /* UIKit.framework */,
				1D30AB110D05D00D00671497 /* Foundation.framework */,
				2892E40F0DC94CBA00A64D0F /* CoreGraphics.framework */,
			);
			name = Frameworks;
			sourceTree = "<group>";
		};
		AF5DBCE312BD22010038295F /* Headers */ = {
			isa = PBXGroup;
			children = (
				AF5DBCEE12BD22250038295F /* JinxApplicationGlobal.h */,
				AF5DBCEF12BD22250038295F /* JinxNotifications.h */,
				AFD3C78712C18955009752CA /* JinxMath.h */,
			);
			name = Headers;
			sourceTree = "<group>";
		};
		AF5DBCFB12BD22310038295F /* Audio */ = {
			isa = PBXGroup;
			children = (
				AF5DBCE412BD22250038295F /* CCCAudioFileReader.h */,
				AF5DBCE512BD22250038295F /* CCCAudioFileReader.m */,
				AF5DBCE612BD22250038295F /* CCCAudioPlayer.h */,
				AF5DBCE712BD22250038295F /* CCCAudioPlayer.m */,
				AF5DBCE812BD22250038295F /* CCCAudioSource.h */,
				AF5DBCE912BD22250038295F /* CCCAudioSupport.h */,
				AF5DBCEA12BD22250038295F /* CCCAudioSupport.m */,
				AFD3C35A12BE9CEF009752CA /* CCCSoundServices.h */,
				AFD3C35B12BE9CEF009752CA /* CCCSoundServices.m */,
			);
			name = Audio;
			sourceTree = "<group>";
		};
		AF8B615E12B46A2500E0C7E4 /* UnitTests */ = {
			isa = PBXGroup;
			children = (
				AF8B619512B46D3400E0C7E4 /* CCCJinxAppLoadLogicTest.m */,
				AF8B62EB12B5859500E0C7E4 /* CCCChatBuddyTest.m */,
				AF8B651B12B71E4300E0C7E4 /* CCCBasicChatRepositoryTest.m */,
			);
			name = UnitTests;
			path = source/UnitTests;
			sourceTree = "<group>";
		};
		AF8B61A112B46DA300E0C7E4 /* Logic */ = {
			isa = PBXGroup;
			children = (
				AF8B61A212B46DAF00E0C7E4 /* CCCJinxAppLoadLogic.h */,
				AF8B61A312B46DAF00E0C7E4 /* CCCJinxAppLoadLogic.m */,
				AF8B62F512B5860200E0C7E4 /* CCCChatBuddy.h */,
				AF8B62F612B5860200E0C7E4 /* CCCChatBuddy.m */,
				AF8B653712B71F1400E0C7E4 /* CCCBasicChatRepository.h */,
				AF8B653812B71F1400E0C7E4 /* CCCBasicChatRepository.m */,
			);
			name = Logic;
			sourceTree = "<group>";
		};
		AF8B62C512B55D6900E0C7E4 /* images */ = {
			isa = PBXGroup;
			children = (
				AFD3C40712BED6BD009752CA /* JinxIcon.png */,
				AFD3C16D12BDBE21009752CA /* YouAvatar.png */,
				AFD3C16712BDBC86009752CA /* ClintAvatar.png */,
				AFD3C16812BDBC86009752CA /* LeezaAvatar.png */,
				AFD3C16912BDBC86009752CA /* StuartAvatar.png */,
				AFD3C14E12BDB595009752CA /* CallScreen2.png */,
				AFD3C08C12BD9D53009752CA /* ClintLabel.png */,
				AFD3C08D12BD9D53009752CA /* LeezaLabel.png */,
				AFD3C08512BD9AC2009752CA /* StuartLabel.png */,
				AFD3BFA212BD7FED009752CA /* Clint.png */,
				AFD3BFA312BD7FED009752CA /* Leeza.png */,
				AFD3BFA412BD7FED009752CA /* Stuart.png */,
				AF5DBD1912BD25920038295F /* CallScreen1.png */,
				AF5DBD1B12BD25920038295F /* Jinx-backdrop-landscape.png */,
				AF5DBD1C12BD25920038295F /* JinxBubble.png */,
				AF5DBD1F12BD25920038295F /* telephone.png */,
				AF8B638C12B5A66500E0C7E4 /* Jinx-backdrop.png */,
				AF8B638812B5A4FF00E0C7E4 /* Default.png */,
				AF8B62C612B55D8100E0C7E4 /* green.png */,
				AF8B62C712B55D8100E0C7E4 /* grey.png */,
			);
			name = images;
			sourceTree = "<group>";
		};
		AF8B653C12B71F2E00E0C7E4 /* Protocols */ = {
			isa = PBXGroup;
			children = (
				AF8B653D12B71F4A00E0C7E4 /* CCCBuddyRepository.h */,
			);
			name = Protocols;
			sourceTree = "<group>";
		};
		AF9819C412D2AEB90030BC99 /* Video */ = {
			isa = PBXGroup;
			children = (
			);
			name = Video;
			sourceTree = "<group>";
		};
		AFD3BF9612BD7E69009752CA /* UI */ = {
			isa = PBXGroup;
			children = (
				AFD3BF9812BD7EB2009752CA /* CCCBuddySelectorCell.h */,
				AFD3BF9912BD7EB2009752CA /* CCCBuddySelectorCell.m */,
				AFD3C15012BDB71B009752CA /* BackgroundRotation.h */,
				AFD3C15112BDB71B009752CA /* BackgroundRotation.m */,
			);
			name = UI;
			sourceTree = "<group>";
		};
/* End PBXGroup section */

/* Begin PBXHeadersBuildPhase section */
		AF8B614112B4697C00E0C7E4 /* Headers */ = {
			isa = PBXHeadersBuildPhase;
			buildActionMask = 2147483647;
			files = (
				AF8B61A412B46DAF00E0C7E4 /* CCCJinxAppLoadLogic.h in Headers */,
				AF8B653912B71F1400E0C7E4 /* CCCBasicChatRepository.h in Headers */,
				AF8B653E12B71F4A00E0C7E4 /* CCCBuddyRepository.h in Headers */,
				AF8B654B12B7226200E0C7E4 /* CCCChatBuddy.h in Headers */,
				AF5DBCD812BD219A0038295F /* SharedFunctions.h in Headers */,
				AF5DBCF012BD22250038295F /* CCCAudioFileReader.h in Headers */,
				AF5DBCF212BD22250038295F /* CCCAudioPlayer.h in Headers */,
				AF5DBCF412BD22250038295F /* CCCAudioSource.h in Headers */,
				AF5DBCF512BD22250038295F /* CCCAudioSupport.h in Headers */,
				AF5DBCF912BD22250038295F /* JinxApplicationGlobal.h in Headers */,
				AF5DBCFA12BD22250038295F /* JinxNotifications.h in Headers */,
				AFD3C15212BDB71B009752CA /* BackgroundRotation.h in Headers */,
				AFD3C35C12BE9CEF009752CA /* CCCSoundServices.h in Headers */,
				AFD3C78812C18955009752CA /* JinxMath.h in Headers */,
			);
			runOnlyForDeploymentPostprocessing = 0;
		};
/* End PBXHeadersBuildPhase section */

/* Begin PBXNativeTarget section */
		1D6058900D05DD3D006BFB54 /* Jinx */ = {
			isa = PBXNativeTarget;
			buildConfigurationList = 1D6058960D05DD3E006BFB54 /* Build configuration list for PBXNativeTarget "Jinx" */;
			buildPhases = (
				1D60588D0D05DD3D006BFB54 /* Resources */,
				1D60588E0D05DD3D006BFB54 /* Sources */,
				1D60588F0D05DD3D006BFB54 /* Frameworks */,
			);
			buildRules = (
			);
			dependencies = (
				AF8B614B12B469AE00E0C7E4 /* PBXTargetDependency */,
				AFD3C2C612BE85A6009752CA /* PBXTargetDependency */,
			);
			name = Jinx;
			productName = Jinx;
			productReference = 1D6058910D05DD3D006BFB54 /* Jinx.app */;
			productType = "com.apple.product-type.application";
		};
		AF8B614412B4697C00E0C7E4 /* Jinx-Core */ = {
			isa = PBXNativeTarget;
			buildConfigurationList = AF8B614912B4699000E0C7E4 /* Build configuration list for PBXNativeTarget "Jinx-Core" */;
			buildPhases = (
				AF8B614112B4697C00E0C7E4 /* Headers */,
				AF8B614212B4697C00E0C7E4 /* Sources */,
				AF8B614312B4697C00E0C7E4 /* Frameworks */,
			);
			buildRules = (
			);
			dependencies = (
			);
			name = "Jinx-Core";
			productName = "Jinx-Core";
			productReference = AF8B614512B4697C00E0C7E4 /* libJinx-Core.a */;
			productType = "com.apple.product-type.library.static";
		};
		AF8B615112B469CA00E0C7E4 /* UnitTests */ = {
			isa = PBXNativeTarget;
			buildConfigurationList = AF8B615612B469CB00E0C7E4 /* Build configuration list for PBXNativeTarget "UnitTests" */;
			buildPhases = (
				AF8B614D12B469CA00E0C7E4 /* Resources */,
				AF8B614E12B469CA00E0C7E4 /* Sources */,
				AF8B614F12B469CA00E0C7E4 /* Frameworks */,
				AF8B615012B469CA00E0C7E4 /* ShellScript */,
			);
			buildRules = (
			);
			dependencies = (
				AF8B618E12B46C1500E0C7E4 /* PBXTargetDependency */,
			);
			name = UnitTests;
			productName = UnitTests;
			productReference = AF8B615212B469CA00E0C7E4 /* UnitTests.octest */;
			productType = "com.apple.product-type.bundle";
		};
/* End PBXNativeTarget section */

/* Begin PBXProject section */
		29B97313FDCFA39411CA2CEA /* Project object */ = {
			isa = PBXProject;
			buildConfigurationList = C01FCF4E08A954540054247B /* Build configuration list for PBXProject "Jinx" */;
			compatibilityVersion = "Xcode 3.1";
			developmentRegion = English;
			hasScannedForEncodings = 1;
			knownRegions = (
				English,
				Japanese,
				French,
				German,
				en,
			);
			mainGroup = 29B97314FDCFA39411CA2CEA /* CustomTemplate */;
			projectDirPath = "";
			projectRoot = "";
			targets = (
				1D6058900D05DD3D006BFB54 /* Jinx */,
				AF8B614412B4697C00E0C7E4 /* Jinx-Core */,
				AF8B615112B469CA00E0C7E4 /* UnitTests */,
			);
		};
/* End PBXProject section */

/* Begin PBXResourcesBuildPhase section */
		1D60588D0D05DD3D006BFB54 /* Resources */ = {
			isa = PBXResourcesBuildPhase;
			buildActionMask = 2147483647;
			files = (
				28AD73600D9D9599002E5188 /* MainWindow.xib in Resources */,
				28F335F11007B36200424DE2 /* RootViewController.xib in Resources */,
				AF8B629612B557A300E0C7E4 /* CCCChatViewController.xib in Resources */,
				AF8B62C812B55D8100E0C7E4 /* green.png in Resources */,
				AF8B62C912B55D8100E0C7E4 /* grey.png in Resources */,
				AF8B638912B5A4FF00E0C7E4 /* Default.png in Resources */,
				AF8B638D12B5A66500E0C7E4 /* Jinx-backdrop.png in Resources */,
				AF5DBD2012BD25920038295F /* CallScreen1.png in Resources */,
				AF5DBD2212BD25920038295F /* Jinx-backdrop-landscape.png in Resources */,
				AF5DBD2312BD25920038295F /* JinxBubble.png in Resources */,
				AF5DBD2612BD25920038295F /* telephone.png in Resources */,
				AF5DBD3012BD25BC0038295F /* ringout.wav in Resources */,
				AF5DBD4E12BD2BE80038295F /* CCCCallScreen.xib in Resources */,
				AFD3BFA512BD7FED009752CA /* Clint.png in Resources */,
				AFD3BFA612BD7FED009752CA /* Leeza.png in Resources */,
				AFD3BFA712BD7FED009752CA /* Stuart.png in Resources */,
				AFD3C08612BD9AC2009752CA /* StuartLabel.png in Resources */,
				AFD3C08E12BD9D53009752CA /* ClintLabel.png in Resources */,
				AFD3C08F12BD9D53009752CA /* LeezaLabel.png in Resources */,
				AFD3C14F12BDB595009752CA /* CallScreen2.png in Resources */,
				AFD3C16A12BDBC86009752CA /* ClintAvatar.png in Resources */,
				AFD3C16B12BDBC86009752CA /* LeezaAvatar.png in Resources */,
				AFD3C16C12BDBC86009752CA /* StuartAvatar.png in Resources */,
				AFD3C16E12BDBE21009752CA /* YouAvatar.png in Resources */,
				AFD3C32E12BE8F98009752CA /* ClintCall1.aiff in Resources */,
				AFD3C32F12BE8F98009752CA /* ClintCall2.aiff in Resources */,
				AFD3C33012BE8F98009752CA /* ClintCall3.aiff in Resources */,
				AFD3C33112BE8F98009752CA /* ClintCall4.aiff in Resources */,
				AFD3C33212BE8F98009752CA /* LeezaCall1.aiff in Resources */,
				AFD3C33312BE8F98009752CA /* LeezaCall2.aiff in Resources */,
				AFD3C33412BE8F98009752CA /* LeezaCall3.aiff in Resources */,
				AFD3C33512BE8F98009752CA /* LeezaCall4.aiff in Resources */,
				AFD3C33612BE8F98009752CA /* StuartCall1.aiff in Resources */,
				AFD3C33712BE8F98009752CA /* StuartCall2.aiff in Resources */,
				AFD3C33812BE8F98009752CA /* StuartCall3.aiff in Resources */,
				AFD3C33912BE8F98009752CA /* StuartCall4.aiff in Resources */,
				AFD3C40812BED6BD009752CA /* JinxIcon.png in Resources */,
				AFD3C6F412BFC57C009752CA /* ClintCall0.aiff in Resources */,
				AFD3C6F512BFC57C009752CA /* ClintCall5.aiff in Resources */,
				AFD3C6F612BFC57C009752CA /* ClintCall6.aiff in Resources */,
				AFD3C6F712BFC57C009752CA /* ClintCall7.aiff in Resources */,
				AFD3C6F812BFC57C009752CA /* LeezaCall0.aiff in Resources */,
				AFD3C6F912BFC57C009752CA /* LeezaCall5.aiff in Resources */,
				AFD3C6FA12BFC57C009752CA /* LeezaCall6.aiff in Resources */,
				AFD3C6FB12BFC57C009752CA /* StuartCall0.aiff in Resources */,
				AFD3C6FC12BFC57C009752CA /* StuartCall5.aiff in Resources */,
				AFD3C6FD12BFC57C009752CA /* StuartCall6.aiff in Resources */,
				AFD3C6FE12BFC57C009752CA /* StuartCall7.aiff in Resources */,
				AFD3C70712BFC637009752CA /* LeezaCall7.aiff in Resources */,
				AFD3C7B912C19B99009752CA /* incoming-blip.aiff in Resources */,
				AFD3C7BA12C19B99009752CA /* outgoing-blip.aiff in Resources */,
				AFD3C7BE12C19D96009752CA /* clear-screen.aiff in Resources */,
			);
			runOnlyForDeploymentPostprocessing = 0;
		};
		AF8B614D12B469CA00E0C7E4 /* Resources */ = {
			isa = PBXResourcesBuildPhase;
			buildActionMask = 2147483647;
			files = (
			);
			runOnlyForDeploymentPostprocessing = 0;
		};
/* End PBXResourcesBuildPhase section */

/* Begin PBXShellScriptBuildPhase section */
		AF8B615012B469CA00E0C7E4 /* ShellScript */ = {
			isa = PBXShellScriptBuildPhase;
			buildActionMask = 2147483647;
			files = (
			);
			inputPaths = (
			);
			outputPaths = (
			);
			runOnlyForDeploymentPostprocessing = 0;
			shellPath = /bin/sh;
			shellScript = "# Run the unit tests in this test bundle.\n\"${SYSTEM_DEVELOPER_DIR}/Tools/RunUnitTests\" 1> /tmp/RunUnitTests.out\n";
		};
/* End PBXShellScriptBuildPhase section */

/* Begin PBXSourcesBuildPhase section */
		1D60588E0D05DD3D006BFB54 /* Sources */ = {
			isa = PBXSourcesBuildPhase;
			buildActionMask = 2147483647;
			files = (
				1D60589B0D05DD56006BFB54 /* main.m in Sources */,
				1D3623260D0F684500981E51 /* JinxAppDelegate.m in Sources */,
				28C286E10D94DF7D0034E888 /* RootViewController.m in Sources */,
				AF8B629512B557A300E0C7E4 /* CCCChatViewController.m in Sources */,
				AF5DBCFE12BD227B0038295F /* CCCCallScreen.m in Sources */,
				AFD3BF9A12BD7EB2009752CA /* CCCBuddySelectorCell.m in Sources */,
			);
			runOnlyForDeploymentPostprocessing = 0;
		};
		AF8B614212B4697C00E0C7E4 /* Sources */ = {
			isa = PBXSourcesBuildPhase;
			buildActionMask = 2147483647;
			files = (
				AF8B61A512B46DAF00E0C7E4 /* CCCJinxAppLoadLogic.m in Sources */,
				AF8B653A12B71F1400E0C7E4 /* CCCBasicChatRepository.m in Sources */,
				AF8B654A12B7226000E0C7E4 /* CCCChatBuddy.m in Sources */,
				AF5DBCD912BD219A0038295F /* SharedFunctions.m in Sources */,
				AF5DBCF112BD22250038295F /* CCCAudioFileReader.m in Sources */,
				AF5DBCF312BD22250038295F /* CCCAudioPlayer.m in Sources */,
				AF5DBCF612BD22250038295F /* CCCAudioSupport.m in Sources */,
				AFD3C15312BDB71B009752CA /* BackgroundRotation.m in Sources */,
				AFD3C35D12BE9CEF009752CA /* CCCSoundServices.m in Sources */,
			);
			runOnlyForDeploymentPostprocessing = 0;
		};
		AF8B614E12B469CA00E0C7E4 /* Sources */ = {
			isa = PBXSourcesBuildPhase;
			buildActionMask = 2147483647;
			files = (
				AF8B619612B46D3400E0C7E4 /* CCCJinxAppLoadLogicTest.m in Sources */,
				AF8B62EC12B5859500E0C7E4 /* CCCChatBuddyTest.m in Sources */,
				AF8B651C12B71E4300E0C7E4 /* CCCBasicChatRepositoryTest.m in Sources */,
			);
			runOnlyForDeploymentPostprocessing = 0;
		};
/* End PBXSourcesBuildPhase section */

/* Begin PBXTargetDependency section */
		AF8B614B12B469AE00E0C7E4 /* PBXTargetDependency */ = {
			isa = PBXTargetDependency;
			target = AF8B614412B4697C00E0C7E4 /* Jinx-Core */;
			targetProxy = AF8B614A12B469AE00E0C7E4 /* PBXContainerItemProxy */;
		};
		AF8B618E12B46C1500E0C7E4 /* PBXTargetDependency */ = {
			isa = PBXTargetDependency;
			target = AF8B614412B4697C00E0C7E4 /* Jinx-Core */;
			targetProxy = AF8B618D12B46C1500E0C7E4 /* PBXContainerItemProxy */;
		};
		AFD3C2C612BE85A6009752CA /* PBXTargetDependency */ = {
			isa = PBXTargetDependency;
			target = AF8B615112B469CA00E0C7E4 /* UnitTests */;
			targetProxy = AFD3C2C512BE85A6009752CA /* PBXContainerItemProxy */;
		};
/* End PBXTargetDependency section */

/* Begin XCBuildConfiguration section */
		1D6058940D05DD3E006BFB54 /* Debug */ = {
			isa = XCBuildConfiguration;
			buildSettings = {
				ALWAYS_SEARCH_USER_PATHS = NO;
				COPY_PHASE_STRIP = NO;
				GCC_DYNAMIC_NO_PIC = NO;
				GCC_OPTIMIZATION_LEVEL = 0;
				GCC_PRECOMPILE_PREFIX_HEADER = YES;
				INFOPLIST_FILE = "source/Resources/Jinx-Info.plist";
				PRODUCT_NAME = Jinx;
			};
			name = Debug;
		};
		1D6058950D05DD3E006BFB54 /* Release */ = {
			isa = XCBuildConfiguration;
			buildSettings = {
				ALWAYS_SEARCH_USER_PATHS = NO;
				COPY_PHASE_STRIP = YES;
				GCC_PRECOMPILE_PREFIX_HEADER = YES;
				INFOPLIST_FILE = "source/Resources/Jinx-Info.plist";
				PRODUCT_NAME = Jinx;
				VALIDATE_PRODUCT = YES;
			};
			name = Release;
		};
		AF8B614612B4697D00E0C7E4 /* Debug */ = {
			isa = XCBuildConfiguration;
			buildSettings = {
				ALWAYS_SEARCH_USER_PATHS = NO;
				COPY_PHASE_STRIP = NO;
				GCC_DYNAMIC_NO_PIC = NO;
				GCC_OPTIMIZATION_LEVEL = 0;
				PREBINDING = NO;
				PRODUCT_NAME = "Jinx-Core";
			};
			name = Debug;
		};
		AF8B614712B4697D00E0C7E4 /* Release */ = {
			isa = XCBuildConfiguration;
			buildSettings = {
				ALWAYS_SEARCH_USER_PATHS = NO;
				COPY_PHASE_STRIP = YES;
				DEBUG_INFORMATION_FORMAT = "dwarf-with-dsym";
				GCC_ENABLE_FIX_AND_CONTINUE = NO;
				PREBINDING = NO;
				PRODUCT_NAME = "Jinx-Core";
				ZERO_LINK = NO;
			};
			name = Release;
		};
		AF8B615412B469CB00E0C7E4 /* Debug */ = {
			isa = XCBuildConfiguration;
			buildSettings = {
				ALWAYS_SEARCH_USER_PATHS = NO;
				"CODE_SIGN_IDENTITY[sdk=iphoneos*]" = "";
				COPY_PHASE_STRIP = NO;
				FRAMEWORK_SEARCH_PATHS = (
					"\"$(SDKROOT)/Developer/Library/Frameworks\"",
					"\"$(DEVELOPER_LIBRARY_DIR)/Frameworks\"",
				);
				GCC_DYNAMIC_NO_PIC = NO;
				GCC_ENABLE_FIX_AND_CONTINUE = NO;
				GCC_ENABLE_OBJC_EXCEPTIONS = YES;
				GCC_OPTIMIZATION_LEVEL = 0;
				INFOPLIST_FILE = "source/Resources/UnitTests-Info.plist";
				OTHER_LDFLAGS = (
					"-framework",
					Foundation,
					"-framework",
					SenTestingKit,
					"-framework",
					UIKit,
				);
				PREBINDING = NO;
				PRODUCT_NAME = UnitTests;
				WRAPPER_EXTENSION = octest;
			};
			name = Debug;
		};
		AF8B615512B469CB00E0C7E4 /* Release */ = {
			isa = XCBuildConfiguration;
			buildSettings = {
				ALWAYS_SEARCH_USER_PATHS = NO;
				"CODE_SIGN_IDENTITY[sdk=iphoneos*]" = "";
				COPY_PHASE_STRIP = YES;
				DEBUG_INFORMATION_FORMAT = "dwarf-with-dsym";
				FRAMEWORK_SEARCH_PATHS = (
					"\"$(SDKROOT)/Developer/Library/Frameworks\"",
					"\"$(DEVELOPER_LIBRARY_DIR)/Frameworks\"",
				);
				GCC_ENABLE_FIX_AND_CONTINUE = NO;
				GCC_ENABLE_OBJC_EXCEPTIONS = YES;
				INFOPLIST_FILE = "source/Resources/UnitTests-Info.plist";
				OTHER_LDFLAGS = (
					"-framework",
					Foundation,
					"-framework",
					SenTestingKit,
					"-framework",
					UIKit,
				);
				PREBINDING = NO;
				PRODUCT_NAME = UnitTests;
				WRAPPER_EXTENSION = octest;
				ZERO_LINK = NO;
			};
			name = Release;
		};
		C01FCF4F08A954540054247B /* Debug */ = {
			isa = XCBuildConfiguration;
			buildSettings = {
				ARCHS = "$(ARCHS_STANDARD_32_BIT)";
				"CODE_SIGN_IDENTITY[sdk=iphoneos*]" = "iPhone Developer";
				GCC_C_LANGUAGE_STANDARD = c99;
				GCC_PREFIX_HEADER = source/Other/Jinx_Prefix.pch;
				GCC_PREPROCESSOR_DEFINITIONS = (
					DEBUG,
					"$(GCC_PREPROCESSOR_DEFINITIONS)",
				);
				GCC_WARN_ABOUT_RETURN_TYPE = YES;
				GCC_WARN_UNUSED_VARIABLE = YES;
				PREBINDING = NO;
				SDKROOT = iphoneos4.1;
			};
			name = Debug;
		};
		C01FCF5008A954540054247B /* Release */ = {
			isa = XCBuildConfiguration;
			buildSettings = {
				ARCHS = "$(ARCHS_STANDARD_32_BIT)";
				"CODE_SIGN_IDENTITY[sdk=iphoneos*]" = "iPhone Developer";
				GCC_C_LANGUAGE_STANDARD = c99;
				GCC_PREFIX_HEADER = source/Other/Jinx_Prefix.pch;
				GCC_WARN_ABOUT_RETURN_TYPE = YES;
				GCC_WARN_UNUSED_VARIABLE = YES;
				OTHER_CFLAGS = "-DNS_BLOCK_ASSERTIONS=1";
				PREBINDING = NO;
				SDKROOT = iphoneos4.1;
			};
			name = Release;
		};
/* End XCBuildConfiguration section */

/* Begin XCConfigurationList section */
		1D6058960D05DD3E006BFB54 /* Build configuration list for PBXNativeTarget "Jinx" */ = {
			isa = XCConfigurationList;
			buildConfigurations = (
				1D6058940D05DD3E006BFB54 /* Debug */,
				1D6058950D05DD3E006BFB54 /* Release */,
			);
			defaultConfigurationIsVisible = 0;
			defaultConfigurationName = Release;
		};
		AF8B614912B4699000E0C7E4 /* Build configuration list for PBXNativeTarget "Jinx-Core" */ = {
			isa = XCConfigurationList;
			buildConfigurations = (
				AF8B614612B4697D00E0C7E4 /* Debug */,
				AF8B614712B4697D00E0C7E4 /* Release */,
			);
			defaultConfigurationIsVisible = 0;
			defaultConfigurationName = Release;
		};
		AF8B615612B469CB00E0C7E4 /* Build configuration list for PBXNativeTarget "UnitTests" */ = {
			isa = XCConfigurationList;
			buildConfigurations = (
				AF8B615412B469CB00E0C7E4 /* Debug */,
				AF8B615512B469CB00E0C7E4 /* Release */,
			);
			defaultConfigurationIsVisible = 0;
			defaultConfigurationName = Release;
		};
		C01FCF4E08A954540054247B /* Build configuration list for PBXProject "Jinx" */ = {
			isa = XCConfigurationList;
			buildConfigurations = (
				C01FCF4F08A954540054247B /* Debug */,
				C01FCF5008A954540054247B /* Release */,
			);
			defaultConfigurationIsVisible = 0;
			defaultConfigurationName = Release;
		};
/* End XCConfigurationList section */
	};
	rootObject = 29B97313FDCFA39411CA2CEA /* Project object */;
}
